
Microsoft Visual Studio Solution File, Format Version 12.00
# Visual Studio 15
VisualStudioVersion = 15.0.28307.168
MinimumVisualStudioVersion = 10.0.40219.1
Project("{FAE04EC0-301F-11D3-BF4B-00C04F79EFBC}") = "Part_7_UV_registry", "Part_7_UV_registry\Part_7_UV_registry.csproj", "{4E692D99-5529-422E-BB16-A869D6C17FC1}"
EndProject
Global
	GlobalSection(SolutionConfigurationPlatforms) = preSolution
		Debug|Any CPU = Debug|Any CPU
		Release|Any CPU = Release|Any CPU
	EndGlobalSection
	GlobalSection(ProjectConfigurationPlatforms) = postSolution
		{4E692D99-5529-422E-BB16-A869D6C17FC1}.Debug|Any CPU.ActiveCfg = Debug|Any CPU
		{4E692D99-5529-422E-BB16-A869D6C17FC1}.Debug|Any CPU.Build.0 = Debug|Any CPU
		{4E692D99-5529-422E-BB16-A869D6C17FC1}.Release|Any CPU.ActiveCfg = Release|Any CPU
		{4E692D99-5529-422E-BB16-A869D6C17FC1}.Release|Any CPU.Build.0 = Release|Any CPU
	EndGlobalSection
	GlobalSection(SolutionProperties) = preSolution
		HideSolutionNode = FALSE
	EndGlobalSection
	GlobalSection(ExtensibilityGlobals) = postSolution
		SolutionGuid = {D01E8A67-4E5F-41C1-995E-5E85A4365850}
	EndGlobalSection
EndGlobal
